
Microsoft Visual Studio Solution File, Format Version 12.00
# Visual Studio 2012
Project("{FAE04EC0-301F-11D3-BF4B-00C04F79EFBC}") = "MvcApplication1", "MvcApplication1\MvcApplication1.csproj", "{3F1B45A4-9350-4CEC-8C88-D7BF69DFB10F}"
EndProject
Global
	GlobalSection(SolutionConfigurationPlatforms) = preSolution
		Debug|Any CPU = Debug|Any CPU
		Release|Any CPU = Release|Any CPU
	EndGlobalSection
	GlobalSection(ProjectConfigurationPlatforms) = postSolution
		{3F1B45A4-9350-4CEC-8C88-D7BF69DFB10F}.Debug|Any CPU.ActiveCfg = Debug|Any CPU
		{3F1B45A4-9350-4CEC-8C88-D7BF69DFB10F}.Debug|Any CPU.Build.0 = Debug|Any CPU
		{3F1B45A4-9350-4CEC-8C88-D7BF69DFB10F}.Release|Any CPU.ActiveCfg = Release|Any CPU
		{3F1B45A4-9350-4CEC-8C88-D7BF69DFB10F}.Release|Any CPU.Build.0 = Release|Any CPU
	EndGlobalSection
	GlobalSection(SolutionProperties) = preSolution
		HideSolutionNode = FALSE
	EndGlobalSection
	GlobalSection(ExtensibilityGlobals) = postSolution
		VisualSVNWorkingCopyRoot = .
	EndGlobalSection
	GlobalSection(Performance) = preSolution
		HasPerformanceSessions = true
	EndGlobalSection
EndGlobal
